// !$*UTF8*$!
{
	archiveVersion = 1;
	classes = {
	};
	objectVersion = 46;
	objects = {

/* Begin PBXBuildFile section */
		917773A21E7B0F6D004BC23B /* WAModel.m in Sources */ = {isa = PBXBuildFile; fileRef = 917773A11E7B0F6D004BC23B /* WAModel.m */; };
		9187C6AA1E78189C009FBCA2 /* cities.json in Resources */ = {isa = PBXBuildFile; fileRef = 9187C6A91E78189C009FBCA2 /* cities.json */; };
		91B037C31E76E276008A171D /* main.m in Sources */ = {isa = PBXBuildFile; fileRef = 91B037C21E76E276008A171D /* main.m */; };
		91B037C61E76E276008A171D /* AppDelegate.m in Sources */ = {isa = PBXBuildFile; fileRef = 91B037C51E76E276008A171D /* AppDelegate.m */; };
		91B037C91E76E276008A171D /* WAController.m in Sources */ = {isa = PBXBuildFile; fileRef = 91B037C81E76E276008A171D /* WAController.m */; };
		91B037CC1E76E276008A171D /* Main.storyboard in Resources */ = {isa = PBXBuildFile; fileRef = 91B037CA1E76E276008A171D /* Main.storyboard */; };
		91B037CF1E76E276008A171D /* ElilinkWeatherApp.xcdatamodeld in Sources */ = {isa = PBXBuildFile; fileRef = 91B037CD1E76E276008A171D /* ElilinkWeatherApp.xcdatamodeld */; };
		91B037D11E76E276008A171D /* Assets.xcassets in Resources */ = {isa = PBXBuildFile; fileRef = 91B037D01E76E276008A171D /* Assets.xcassets */; };
		91B037D41E76E276008A171D /* LaunchScreen.storyboard in Resources */ = {isa = PBXBuildFile; fileRef = 91B037D21E76E276008A171D /* LaunchScreen.storyboard */; };
/* End PBXBuildFile section */

/* Begin PBXFileReference section */
		917773A01E7B0F6D004BC23B /* WAModel.h */ = {isa = PBXFileReference; fileEncoding = 4; lastKnownFileType = sourcecode.c.h; path = WAModel.h; sourceTree = "<group>"; };
		917773A11E7B0F6D004BC23B /* WAModel.m */ = {isa = PBXFileReference; fileEncoding = 4; lastKnownFileType = sourcecode.c.objc; path = WAModel.m; sourceTree = "<group>"; };
		9187C6A91E78189C009FBCA2 /* cities.json */ = {isa = PBXFileReference; fileEncoding = 4; lastKnownFileType = text.json; name = cities.json; path = ../../../../Downloads/cities.json; sourceTree = "<group>"; };
		91B037BE1E76E276008A171D /* ElilinkWeatherApp.app */ = {isa = PBXFileReference; explicitFileType = wrapper.application; includeInIndex = 0; path = ElilinkWeatherApp.app; sourceTree = BUILT_PRODUCTS_DIR; };
		91B037C21E76E276008A171D /* main.m */ = {isa = PBXFileReference; lastKnownFileType = sourcecode.c.objc; path = main.m; sourceTree = "<group>"; };
		91B037C41E76E276008A171D /* AppDelegate.h */ = {isa = PBXFileReference; lastKnownFileType = sourcecode.c.h; path = AppDelegate.h; sourceTree = "<group>"; };
		91B037C51E76E276008A171D /* AppDelegate.m */ = {isa = PBXFileReference; lastKnownFileType = sourcecode.c.objc; path = AppDelegate.m; sourceTree = "<group>"; };
		91B037C71E76E276008A171D /* WAController.h */ = {isa = PBXFileReference; lastKnownFileType = sourcecode.c.h; path = WAController.h; sourceTree = "<group>"; };
		91B037C81E76E276008A171D /* WAController.m */ = {isa = PBXFileReference; lastKnownFileType = sourcecode.c.objc; path = WAController.m; sourceTree = "<group>"; };
		91B037CB1E76E276008A171D /* Base */ = {isa = PBXFileReference; lastKnownFileType = file.storyboard; name = Base; path = Base.lproj/Main.storyboard; sourceTree = "<group>"; };
		91B037CE1E76E276008A171D /* ElilinkWeatherApp.xcdatamodel */ = {isa = PBXFileReference; lastKnownFileType = wrapper.xcdatamodel; path = ElilinkWeatherApp.xcdatamodel; sourceTree = "<group>"; };
		91B037D01E76E276008A171D /* Assets.xcassets */ = {isa = PBXFileReference; lastKnownFileType = folder.assetcatalog; path = Assets.xcassets; sourceTree = "<group>"; };
		91B037D31E76E276008A171D /* Base */ = {isa = PBXFileReference; lastKnownFileType = file.storyboard; name = Base; path = Base.lproj/LaunchScreen.storyboard; sourceTree = "<group>"; };
		91B037D51E76E276008A171D /* Info.plist */ = {isa = PBXFileReference; lastKnownFileType = text.plist.xml; path = Info.plist; sourceTree = "<group>"; };
/* End PBXFileReference section */

/* Begin PBXFrameworksBuildPhase section */
		91B037BB1E76E276008A171D /* Frameworks */ = {
			isa = PBXFrameworksBuildPhase;
			buildActionMask = 2147483647;
			files = (
			);
			runOnlyForDeploymentPostprocessing = 0;
		};
/* End PBXFrameworksBuildPhase section */

/* Begin PBXGroup section */
		91B037B51E76E276008A171D = {
			isa = PBXGroup;
			children = (
				91B037C01E76E276008A171D /* ElilinkWeatherApp */,
				91B037BF1E76E276008A171D /* Products */,
				B658596C4FABFC572B4E282A /* Frameworks */,
			);
			sourceTree = "<group>";
		};
		91B037BF1E76E276008A171D /* Products */ = {
			isa = PBXGroup;
			children = (
				91B037BE1E76E276008A171D /* ElilinkWeatherApp.app */,
			);
			name = Products;
			sourceTree = "<group>";
		};
		91B037C01E76E276008A171D /* ElilinkWeatherApp */ = {
			isa = PBXGroup;
			children = (
				91B037C41E76E276008A171D /* AppDelegate.h */,
				91B037C51E76E276008A171D /* AppDelegate.m */,
				91B037C71E76E276008A171D /* WAController.h */,
				91B037C81E76E276008A171D /* WAController.m */,
				91B037CA1E76E276008A171D /* Main.storyboard */,
				9187C6A91E78189C009FBCA2 /* cities.json */,
				91B037D01E76E276008A171D /* Assets.xcassets */,
				91B037D21E76E276008A171D /* LaunchScreen.storyboard */,
				91B037D51E76E276008A171D /* Info.plist */,
				91B037CD1E76E276008A171D /* ElilinkWeatherApp.xcdatamodeld */,
				91B037C11E76E276008A171D /* Supporting Files */,
				917773A01E7B0F6D004BC23B /* WAModel.h */,
				917773A11E7B0F6D004BC23B /* WAModel.m */,
			);
			path = ElilinkWeatherApp;
			sourceTree = "<group>";
		};
		91B037C11E76E276008A171D /* Supporting Files */ = {
			isa = PBXGroup;
			children = (
				91B037C21E76E276008A171D /* main.m */,
			);
			name = "Supporting Files";
			sourceTree = "<group>";
		};
		B658596C4FABFC572B4E282A /* Frameworks */ = {
			isa = PBXGroup;
			children = (
			);
			name = Frameworks;
			sourceTree = "<group>";
		};
/* End PBXGroup section */

/* Begin PBXNativeTarget section */
		91B037BD1E76E276008A171D /* ElilinkWeatherApp */ = {
			isa = PBXNativeTarget;
			buildConfigurationList = 91B037D81E76E276008A171D /* Build configuration list for PBXNativeTarget "ElilinkWeatherApp" */;
			buildPhases = (
				91B037BA1E76E276008A171D /* Sources */,
				91B037BB1E76E276008A171D /* Frameworks */,
				91B037BC1E76E276008A171D /* Resources */,
			);
			buildRules = (
			);
			dependencies = (
			);
			name = ElilinkWeatherApp;
			productName = ElilinkWeatherApp;
			productReference = 91B037BE1E76E276008A171D /* ElilinkWeatherApp.app */;
			productType = "com.apple.product-type.application";
		};
/* End PBXNativeTarget section */

/* Begin PBXProject section */
		91B037B61E76E276008A171D /* Project object */ = {
			isa = PBXProject;
			attributes = {
				LastUpgradeCheck = 0820;
				ORGANIZATIONNAME = "Alex Sobolevski";
				TargetAttributes = {
					91B037BD1E76E276008A171D = {
						CreatedOnToolsVersion = 8.2.1;
						ProvisioningStyle = Automatic;
					};
				};
			};
			buildConfigurationList = 91B037B91E76E276008A171D /* Build configuration list for PBXProject "ElilinkWeatherApp" */;
			compatibilityVersion = "Xcode 3.2";
			developmentRegion = English;
			hasScannedForEncodings = 0;
			knownRegions = (
				en,
				Base,
			);
			mainGroup = 91B037B51E76E276008A171D;
			productRefGroup = 91B037BF1E76E276008A171D /* Products */;
			projectDirPath = "";
			projectRoot = "";
			targets = (
				91B037BD1E76E276008A171D /* ElilinkWeatherApp */,
			);
		};
/* End PBXProject section */

/* Begin PBXResourcesBuildPhase section */
		91B037BC1E76E276008A171D /* Resources */ = {
			isa = PBXResourcesBuildPhase;
			buildActionMask = 2147483647;
			files = (
				9187C6AA1E78189C009FBCA2 /* cities.json in Resources */,
				91B037D41E76E276008A171D /* LaunchScreen.storyboard in Resources */,
				91B037D11E76E276008A171D /* Assets.xcassets in Resources */,
				91B037CC1E76E276008A171D /* Main.storyboard in Resources */,
			);
			runOnlyForDeploymentPostprocessing = 0;
		};
/* End PBXResourcesBuildPhase section */

/* Begin PBXSourcesBuildPhase section */
		91B037BA1E76E276008A171D /* Sources */ = {
			isa = PBXSourcesBuildPhase;
			buildActionMask = 2147483647;
			files = (
				91B037C91E76E276008A171D /* WAController.m in Sources */,
				917773A21E7B0F6D004BC23B /* WAModel.m in Sources */,
				91B037C61E76E276008A171D /* AppDelegate.m in Sources */,
				91B037C31E76E276008A171D /* main.m in Sources */,
				91B037CF1E76E276008A171D /* ElilinkWeatherApp.xcdatamodeld in Sources */,
			);
			runOnlyForDeploymentPostprocessing = 0;
		};
/* End PBXSourcesBuildPhase section */

/* Begin PBXVariantGroup section */
		91B037CA1E76E276008A171D /* Main.storyboard */ = {
			isa = PBXVariantGroup;
			children = (
				91B037CB1E76E276008A171D /* Base */,
			);
			name = Main.storyboard;
			sourceTree = "<group>";
		};
		91B037D21E76E276008A171D /* LaunchScreen.storyboard */ = {
			isa = PBXVariantGroup;
			children = (
				91B037D31E76E276008A171D /* Base */,
			);
			name = LaunchScreen.storyboard;
			sourceTree = "<group>";
		};
/* End PBXVariantGroup section */

/* Begin XCBuildConfiguration section */
		91B037D61E76E276008A171D /* Debug */ = {
			isa = XCBuildConfiguration;
			buildSettings = {
				ALWAYS_SEARCH_USER_PATHS = NO;
				CLANG_ANALYZER_NONNULL = YES;
				CLANG_CXX_LANGUAGE_STANDARD = "gnu++0x";
				CLANG_CXX_LIBRARY = "libc++";
				CLANG_ENABLE_MODULES = YES;
				CLANG_ENABLE_OBJC_ARC = YES;
				CLANG_WARN_BOOL_CONVERSION = YES;
				CLANG_WARN_CONSTANT_CONVERSION = YES;
				CLANG_WARN_DIRECT_OBJC_ISA_USAGE = YES_ERROR;
				CLANG_WARN_DOCUMENTATION_COMMENTS = YES;
				CLANG_WARN_EMPTY_BODY = YES;
				CLANG_WARN_ENUM_CONVERSION = YES;
				CLANG_WARN_INFINITE_RECURSION = YES;
				CLANG_WARN_INT_CONVERSION = YES;
				CLANG_WARN_OBJC_ROOT_CLASS = YES_ERROR;
				CLANG_WARN_SUSPICIOUS_MOVE = YES;
				CLANG_WARN_UNREACHABLE_CODE = YES;
				CLANG_WARN__DUPLICATE_METHOD_MATCH = YES;
				"CODE_SIGN_IDENTITY[sdk=iphoneos*]" = "iPhone Developer";
				COPY_PHASE_STRIP = NO;
				DEBUG_INFORMATION_FORMAT = dwarf;
				ENABLE_STRICT_OBJC_MSGSEND = YES;
				ENABLE_TESTABILITY = YES;
				GCC_C_LANGUAGE_STANDARD = gnu99;
				GCC_DYNAMIC_NO_PIC = NO;
				GCC_NO_COMMON_BLOCKS = YES;
				GCC_OPTIMIZATION_LEVEL = 0;
				GCC_PREPROCESSOR_DEFINITIONS = (
					"DEBUG=1",
					"$(inherited)",
				);
				GCC_WARN_64_TO_32_BIT_CONVERSION = YES;
				GCC_WARN_ABOUT_RETURN_TYPE = YES_ERROR;
				GCC_WARN_UNDECLARED_SELECTOR = YES;
				GCC_WARN_UNINITIALIZED_AUTOS = YES_AGGRESSIVE;
				GCC_WARN_UNUSED_FUNCTION = YES;
				GCC_WARN_UNUSED_VARIABLE = YES;
				IPHONEOS_DEPLOYMENT_TARGET = 10.2;
				MTL_ENABLE_DEBUG_INFO = YES;
				ONLY_ACTIVE_ARCH = YES;
				SDKROOT = iphoneos;
			};
			name = Debug;
		};
		91B037D71E76E276008A171D /* Release */ = {
			isa = XCBuildConfiguration;
			buildSettings = {
				ALWAYS_SEARCH_USER_PATHS = NO;
				CLANG_ANALYZER_NONNULL = YES;
				CLANG_CXX_LANGUAGE_STANDARD = "gnu++0x";
				CLANG_CXX_LIBRARY = "libc++";
				CLANG_ENABLE_MODULES = YES;
				CLANG_ENABLE_OBJC_ARC = YES;
				CLANG_WARN_BOOL_CONVERSION = YES;
				CLANG_WARN_CONSTANT_CONVERSION = YES;
				CLANG_WARN_DIRECT_OBJC_ISA_USAGE = YES_ERROR;
				CLANG_WARN_DOCUMENTATION_COMMENTS = YES;
				CLANG_WARN_EMPTY_BODY = YES;
				CLANG_WARN_ENUM_CONVERSION = YES;
				CLANG_WARN_INFINITE_RECURSION = YES;
				CLANG_WARN_INT_CONVERSION = YES;
				CLANG_WARN_OBJC_ROOT_CLASS = YES_ERROR;
				CLANG_WARN_SUSPICIOUS_MOVE = YES;
				CLANG_WARN_UNREACHABLE_CODE = YES;
				CLANG_WARN__DUPLICATE_METHOD_MATCH = YES;
				"CODE_SIGN_IDENTITY[sdk=iphoneos*]" = "iPhone Developer";
				COPY_PHASE_STRIP = NO;
				DEBUG_INFORMATION_FORMAT = "dwarf-with-dsym";
				ENABLE_NS_ASSERTIONS = NO;
				ENABLE_STRICT_OBJC_MSGSEND = YES;
				GCC_C_LANGUAGE_STANDARD = gnu99;
				GCC_NO_COMMON_BLOCKS = YES;
				GCC_WARN_64_TO_32_BIT_CONVERSION = YES;
				GCC_WARN_ABOUT_RETURN_TYPE = YES_ERROR;
				GCC_WARN_UNDECLARED_SELECTOR = YES;
				GCC_WARN_UNINITIALIZED_AUTOS = YES_AGGRESSIVE;
				GCC_WARN_UNUSED_FUNCTION = YES;
				GCC_WARN_UNUSED_VARIABLE = YES;
				IPHONEOS_DEPLOYMENT_TARGET = 10.2;
				MTL_ENABLE_DEBUG_INFO = NO;
				SDKROOT = iphoneos;
				VALIDATE_PRODUCT = YES;
			};
			name = Release;
		};
		91B037D91E76E276008A171D /* Debug */ = {
			isa = XCBuildConfiguration;
			buildSettings = {
				ASSETCATALOG_COMPILER_APPICON_NAME = AppIcon;
				INFOPLIST_FILE = ElilinkWeatherApp/Info.plist;
				LD_RUNPATH_SEARCH_PATHS = "$(inherited) @executable_path/Frameworks";
				PRODUCT_BUNDLE_IDENTIFIER = Alex.ElilinkWeatherApp;
				PRODUCT_NAME = "$(TARGET_NAME)";
			};
			name = Debug;
		};
		91B037DA1E76E276008A171D /* Release */ = {
			isa = XCBuildConfiguration;
			buildSettings = {
				ASSETCATALOG_COMPILER_APPICON_NAME = AppIcon;
				INFOPLIST_FILE = ElilinkWeatherApp/Info.plist;
				LD_RUNPATH_SEARCH_PATHS = "$(inherited) @executable_path/Frameworks";
				PRODUCT_BUNDLE_IDENTIFIER = Alex.ElilinkWeatherApp;
				PRODUCT_NAME = "$(TARGET_NAME)";
			};
			name = Release;
		};
/* End XCBuildConfiguration section */

/* Begin XCConfigurationList section */
		91B037B91E76E276008A171D /* Build configuration list for PBXProject "ElilinkWeatherApp" */ = {
			isa = XCConfigurationList;
			buildConfigurations = (
				91B037D61E76E276008A171D /* Debug */,
				91B037D71E76E276008A171D /* Release */,
			);
			defaultConfigurationIsVisible = 0;
			defaultConfigurationName = Release;
		};
		91B037D81E76E276008A171D /* Build configuration list for PBXNativeTarget "ElilinkWeatherApp" */ = {
			isa = XCConfigurationList;
			buildConfigurations = (
				91B037D91E76E276008A171D /* Debug */,
				91B037DA1E76E276008A171D /* Release */,
			);
			defaultConfigurationIsVisible = 0;
			defaultConfigurationName = Release;
		};
/* End XCConfigurationList section */

/* Begin XCVersionGroup section */
		91B037CD1E76E276008A171D /* ElilinkWeatherApp.xcdatamodeld */ = {
			isa = XCVersionGroup;
			children = (
				91B037CE1E76E276008A171D /* ElilinkWeatherApp.xcdatamodel */,
			);
			currentVersion = 91B037CE1E76E276008A171D /* ElilinkWeatherApp.xcdatamodel */;
			path = ElilinkWeatherApp.xcdatamodeld;
			sourceTree = "<group>";
			versionGroupType = wrapper.xcdatamodel;
		};
/* End XCVersionGroup section */
	};
	rootObject = 91B037B61E76E276008A171D /* Project object */;
}
